
Microsoft Visual Studio Solution File, Format Version 12.00
# Visual Studio Version 17
VisualStudioVersion = 17.3.32901.215
MinimumVisualStudioVersion = 10.0.40219.1
Project("{9A19103F-16F7-4668-BE54-9A1E7A4F7556}") = "eCommerceAPI", "eCommerceAPI\eCommerceAPI.csproj", "{C18BAAAC-09F8-4FF2-8C5D-BF4B3DC020D1}"
EndProject
Project("{FAE04EC0-301F-11D3-BF4B-00C04F79EFBC}") = "Core", "Core\Core.csproj", "{6EE10FC4-D7FE-4462-AD31-EF7A4B057A54}"
EndProject
Project("{FAE04EC0-301F-11D3-BF4B-00C04F79EFBC}") = "Infrastructure", "Infrastructure\Infrastructure.csproj", "{0C0CDB0D-8D01-4694-8BFD-5414843CA136}"
EndProject
Global
	GlobalSection(SolutionConfigurationPlatforms) = preSolution
		Debug|Any CPU = Debug|Any CPU
		Release|Any CPU = Release|Any CPU
	EndGlobalSection
	GlobalSection(ProjectConfigurationPlatforms) = postSolution
		{C18BAAAC-09F8-4FF2-8C5D-BF4B3DC020D1}.Debug|Any CPU.ActiveCfg = Debug|Any CPU
		{C18BAAAC-09F8-4FF2-8C5D-BF4B3DC020D1}.Debug|Any CPU.Build.0 = Debug|Any CPU
		{C18BAAAC-09F8-4FF2-8C5D-BF4B3DC020D1}.Release|Any CPU.ActiveCfg = Release|Any CPU
		{C18BAAAC-09F8-4FF2-8C5D-BF4B3DC020D1}.Release|Any CPU.Build.0 = Release|Any CPU
		{6EE10FC4-D7FE-4462-AD31-EF7A4B057A54}.Debug|Any CPU.ActiveCfg = Debug|Any CPU
		{6EE10FC4-D7FE-4462-AD31-EF7A4B057A54}.Debug|Any CPU.Build.0 = Debug|Any CPU
		{6EE10FC4-D7FE-4462-AD31-EF7A4B057A54}.Release|Any CPU.ActiveCfg = Release|Any CPU
		{6EE10FC4-D7FE-4462-AD31-EF7A4B057A54}.Release|Any CPU.Build.0 = Release|Any CPU
		{0C0CDB0D-8D01-4694-8BFD-5414843CA136}.Debug|Any CPU.ActiveCfg = Debug|Any CPU
		{0C0CDB0D-8D01-4694-8BFD-5414843CA136}.Debug|Any CPU.Build.0 = Debug|Any CPU
		{0C0CDB0D-8D01-4694-8BFD-5414843CA136}.Release|Any CPU.ActiveCfg = Release|Any CPU
		{0C0CDB0D-8D01-4694-8BFD-5414843CA136}.Release|Any CPU.Build.0 = Release|Any CPU
	EndGlobalSection
	GlobalSection(SolutionProperties) = preSolution
		HideSolutionNode = FALSE
	EndGlobalSection
	GlobalSection(ExtensibilityGlobals) = postSolution
		SolutionGuid = {CC10FF77-BEE3-4C73-BCFB-4ABE9DA4BEF1}
	EndGlobalSection
EndGlobal
